
Microsoft Visual Studio Solution File, Format Version 12.00
# Visual Studio Version 17
VisualStudioVersion = 17.7.34018.315
MinimumVisualStudioVersion = 10.0.40219.1
Project("{FAE04EC0-301F-11D3-BF4B-00C04F79EFBC}") = "TfgDAW", "TfgDAW\TfgDAW.csproj", "{DC004C6B-D615-43F1-A62B-8E2EA36317EB}"
EndProject
Global
	GlobalSection(SolutionConfigurationPlatforms) = preSolution
		Debug|Any CPU = Debug|Any CPU
		Release|Any CPU = Release|Any CPU
	EndGlobalSection
	GlobalSection(ProjectConfigurationPlatforms) = postSolution
		{DC004C6B-D615-43F1-A62B-8E2EA36317EB}.Debug|Any CPU.ActiveCfg = Debug|Any CPU
		{DC004C6B-D615-43F1-A62B-8E2EA36317EB}.Debug|Any CPU.Build.0 = Debug|Any CPU
		{DC004C6B-D615-43F1-A62B-8E2EA36317EB}.Release|Any CPU.ActiveCfg = Release|Any CPU
		{DC004C6B-D615-43F1-A62B-8E2EA36317EB}.Release|Any CPU.Build.0 = Release|Any CPU
	EndGlobalSection
	GlobalSection(SolutionProperties) = preSolution
		HideSolutionNode = FALSE
	EndGlobalSection
	GlobalSection(ExtensibilityGlobals) = postSolution
		SolutionGuid = {48961B0D-7429-4F2E-AC2A-508FE4614D32}
	EndGlobalSection
EndGlobal
